{
  "name": "trackstats",
  "version": "0.0.1",
  "lockfileVersion": 2,
  "requires": true,
  "packages": {
    "": {
      "name": "trackstats",
      "version": "0.0.1",
      "license": "MIT",
      "dependencies": {
        "utm": "^1.1.1"
      }
    },
    "node_modules/utm": {
      "version": "1.1.1",
      "resolved": "https://registry.npmjs.org/utm/-/utm-1.1.1.tgz",
      "integrity": "sha512-rJIv6i1u86OVy91Burh/6oRFfE8zOCd6Unc8fvA0N7fjQT43ogqhVeUp5NByaZPe278QyiA5wMMEaAU9Jx6QRA=="
    }
  },
  "dependencies": {
    "utm": {
      "version": "1.1.1",
      "resolved": "https://registry.npmjs.org/utm/-/utm-1.1.1.tgz",
      "integrity": "sha512-rJIv6i1u86OVy91Burh/6oRFfE8zOCd6Unc8fvA0N7fjQT43ogqhVeUp5NByaZPe278QyiA5wMMEaAU9Jx6QRA=="
    }
  }
}
